# THIS IS AN AUTOGENERATED FILE. DO NOT EDIT THIS FILE DIRECTLY.
# yarn lockfile v1


"@rails/ujs@^6.1.4-3":
  version "6.1.4-3"
  resolved "https://registry.yarnpkg.com/@rails/ujs/-/ujs-6.1.4-3.tgz#6f990e58cb734f39caa9c98c3369d37c06aeb94d"
  integrity sha512-n8XvY6Zb76HaBGPmRQ8e6RUoFlqPzHx+teK18kxN5F24c3CSgUjOeMT9WBL5HfUZ+ONH0DPfTEh0Pl6RfKAJPA==
