# THIS IS AN AUTOGENERATED FILE. DO NOT EDIT THIS FILE DIRECTLY.
# yarn lockfile v1


"@rails/ujs@^6.0.0-alpha":
  version "6.0.0"
  resolved "https://registry.yarnpkg.com/@rails/ujs/-/ujs-6.0.0.tgz#6c1957870ba075f7e82fdf875f5ed2181ff9355e"
  integrity sha512-0oh/MnpZzluItU/vgaxZv+JtMXxOtA0HPK6ZiMoPd2sLH06q58QdCKPVlC36YMnP4451rcrvxO6xns3w97C1og==
