# THIS IS AN AUTOGENERATED FILE. DO NOT EDIT THIS FILE DIRECTLY.
# yarn lockfile v1


"@rails/ujs@^6.1.6-4":
  version "6.1.4-6"
  resolved "https://registry.yarnpkg.com/@rails/ujs/-/ujs-6.1.4-6.tgz#244520a1580b5791cebc81471978bc6b3c8966c0"
  integrity sha512-j2ejw0ShVHiDWtq1Yv1PGX/GFCDiXX+5YiUY2Z17eeMJhQkxXeg3maQZkkT5OT/YBOI+jiWqtp03GM1Hdp/arA==
